{
  "originHash" : "639a88cab53bcb36ed668f0220c34d6efe811820ad6d53439cc6ee9451fa262e",
  "pins" : [
    {
      "identity" : "lambdaspire-swift-abstractions",
      "kind" : "remoteSourceControl",
      "location" : "https://github.com/Lambdaspire/Lambdaspire-Swift-Abstractions",
      "state" : {
        "revision" : "304fb68a55c3442669334ba7785c217f57d109b7",
        "version" : "1.0.0"
      }
    },
    {
      "identity" : "lambdaspire-swift-dependencyresolution",
      "kind" : "remoteSourceControl",
      "location" : "https://github.com/Lambdaspire/Lambdaspire-Swift-DependencyResolution",
      "state" : {
        "revision" : "142a4d09ac0575bc864a6954665e3b38e5582630",
        "version" : "1.0.0"
      }
    },
    {
      "identity" : "lambdaspire-swift-logging",
      "kind" : "remoteSourceControl",
      "location" : "https://github.com/Lambdaspire/Lambdaspire-Swift-Logging",
      "state" : {
        "revision" : "37eeaca6c05d5c6a9cdbbcbe098cb0c27fb63447",
        "version" : "1.0.0"
      }
    },
    {
      "identity" : "swift-syntax",
      "kind" : "remoteSourceControl",
      "location" : "https://github.com/apple/swift-syntax.git",
      "state" : {
        "revision" : "64889f0c732f210a935a0ad7cda38f77f876262d",
        "version" : "509.1.1"
      }
    }
  ],
  "version" : 3
}
